
Microsoft Visual Studio Solution File, Format Version 12.00
# Visual Studio 2013
VisualStudioVersion = 12.0.40629.0
MinimumVisualStudioVersion = 10.0.40219.1
Project("{FAE04EC0-301F-11D3-BF4B-00C04F79EFBC}") = "Glinterion", "Glinterion\Glinterion.csproj", "{22DF9CF1-BF14-49CA-B2B3-F7AE505E6312}"
EndProject
Project("{FAE04EC0-301F-11D3-BF4B-00C04F79EFBC}") = "Glinterion.Tests", "Glinterion.Tests\Glinterion.Tests.csproj", "{57D98B50-C858-40F7-A0DD-EFDA3756E94A}"
EndProject
Project("{FAE04EC0-301F-11D3-BF4B-00C04F79EFBC}") = "Glinterion.Entities", "Glinterion.Entities\Glinterion.Entities.csproj", "{E9588516-90B0-40FD-8DAB-7B3F94259CCB}"
EndProject
Project("{FAE04EC0-301F-11D3-BF4B-00C04F79EFBC}") = "Glinterion.API", "Glinterion.API\Glinterion.API.csproj", "{8E67C5DA-F2E3-480D-BEB5-4364A5DB5274}"
EndProject
Project("{FAE04EC0-301F-11D3-BF4B-00C04F79EFBC}") = "Glinterion.DataAccess", "Glinterion.DataAccess\Glinterion.DataAccess.csproj", "{DEDCA7FD-950F-41BD-A828-87BF9E745F88}"
EndProject
Project("{FAE04EC0-301F-11D3-BF4B-00C04F79EFBC}") = "Glinterion.App", "Glinterion.App\Glinterion.App.csproj", "{1C7CBCFC-873E-4D06-9CE3-DF9E954D188F}"
EndProject
Project("{FAE04EC0-301F-11D3-BF4B-00C04F79EFBC}") = "Glinterion.Services", "Glinterion.Services\Glinterion.Services.csproj", "{AA296C34-B37E-4CA9-AC06-4BF8F55F2FD9}"
EndProject
Project("{FAE04EC0-301F-11D3-BF4B-00C04F79EFBC}") = "Glinterion.Common", "Glinterion.Common\Glinterion.Common.csproj", "{489C90F3-0677-4026-B5A1-2BFE3CFBED9B}"
EndProject
Global
	GlobalSection(SolutionConfigurationPlatforms) = preSolution
		Debug|Any CPU = Debug|Any CPU
		Release|Any CPU = Release|Any CPU
	EndGlobalSection
	GlobalSection(ProjectConfigurationPlatforms) = postSolution
		{22DF9CF1-BF14-49CA-B2B3-F7AE505E6312}.Debug|Any CPU.ActiveCfg = Debug|Any CPU
		{22DF9CF1-BF14-49CA-B2B3-F7AE505E6312}.Debug|Any CPU.Build.0 = Debug|Any CPU
		{22DF9CF1-BF14-49CA-B2B3-F7AE505E6312}.Release|Any CPU.ActiveCfg = Release|Any CPU
		{22DF9CF1-BF14-49CA-B2B3-F7AE505E6312}.Release|Any CPU.Build.0 = Release|Any CPU
		{57D98B50-C858-40F7-A0DD-EFDA3756E94A}.Debug|Any CPU.ActiveCfg = Debug|Any CPU
		{57D98B50-C858-40F7-A0DD-EFDA3756E94A}.Debug|Any CPU.Build.0 = Debug|Any CPU
		{57D98B50-C858-40F7-A0DD-EFDA3756E94A}.Release|Any CPU.ActiveCfg = Release|Any CPU
		{57D98B50-C858-40F7-A0DD-EFDA3756E94A}.Release|Any CPU.Build.0 = Release|Any CPU
		{E9588516-90B0-40FD-8DAB-7B3F94259CCB}.Debug|Any CPU.ActiveCfg = Debug|Any CPU
		{E9588516-90B0-40FD-8DAB-7B3F94259CCB}.Debug|Any CPU.Build.0 = Debug|Any CPU
		{E9588516-90B0-40FD-8DAB-7B3F94259CCB}.Release|Any CPU.ActiveCfg = Release|Any CPU
		{E9588516-90B0-40FD-8DAB-7B3F94259CCB}.Release|Any CPU.Build.0 = Release|Any CPU
		{8E67C5DA-F2E3-480D-BEB5-4364A5DB5274}.Debug|Any CPU.ActiveCfg = Debug|Any CPU
		{8E67C5DA-F2E3-480D-BEB5-4364A5DB5274}.Debug|Any CPU.Build.0 = Debug|Any CPU
		{8E67C5DA-F2E3-480D-BEB5-4364A5DB5274}.Release|Any CPU.ActiveCfg = Release|Any CPU
		{8E67C5DA-F2E3-480D-BEB5-4364A5DB5274}.Release|Any CPU.Build.0 = Release|Any CPU
		{DEDCA7FD-950F-41BD-A828-87BF9E745F88}.Debug|Any CPU.ActiveCfg = Debug|Any CPU
		{DEDCA7FD-950F-41BD-A828-87BF9E745F88}.Debug|Any CPU.Build.0 = Debug|Any CPU
		{DEDCA7FD-950F-41BD-A828-87BF9E745F88}.Release|Any CPU.ActiveCfg = Release|Any CPU
		{DEDCA7FD-950F-41BD-A828-87BF9E745F88}.Release|Any CPU.Build.0 = Release|Any CPU
		{1C7CBCFC-873E-4D06-9CE3-DF9E954D188F}.Debug|Any CPU.ActiveCfg = Debug|Any CPU
		{1C7CBCFC-873E-4D06-9CE3-DF9E954D188F}.Debug|Any CPU.Build.0 = Debug|Any CPU
		{1C7CBCFC-873E-4D06-9CE3-DF9E954D188F}.Release|Any CPU.ActiveCfg = Release|Any CPU
		{1C7CBCFC-873E-4D06-9CE3-DF9E954D188F}.Release|Any CPU.Build.0 = Release|Any CPU
		{AA296C34-B37E-4CA9-AC06-4BF8F55F2FD9}.Debug|Any CPU.ActiveCfg = Debug|Any CPU
		{AA296C34-B37E-4CA9-AC06-4BF8F55F2FD9}.Debug|Any CPU.Build.0 = Debug|Any CPU
		{AA296C34-B37E-4CA9-AC06-4BF8F55F2FD9}.Release|Any CPU.ActiveCfg = Release|Any CPU
		{AA296C34-B37E-4CA9-AC06-4BF8F55F2FD9}.Release|Any CPU.Build.0 = Release|Any CPU
		{489C90F3-0677-4026-B5A1-2BFE3CFBED9B}.Debug|Any CPU.ActiveCfg = Debug|Any CPU
		{489C90F3-0677-4026-B5A1-2BFE3CFBED9B}.Debug|Any CPU.Build.0 = Debug|Any CPU
		{489C90F3-0677-4026-B5A1-2BFE3CFBED9B}.Release|Any CPU.ActiveCfg = Release|Any CPU
		{489C90F3-0677-4026-B5A1-2BFE3CFBED9B}.Release|Any CPU.Build.0 = Release|Any CPU
	EndGlobalSection
	GlobalSection(SolutionProperties) = preSolution
		HideSolutionNode = FALSE
	EndGlobalSection
EndGlobal
